
Microsoft Visual Studio Solution File, Format Version 12.00
# Visual Studio Version 17
VisualStudioVersion = 17.5.33516.290
MinimumVisualStudioVersion = 10.0.40219.1
Project("{9A19103F-16F7-4668-BE54-9A1E7A4F7556}") = "AvansasProject.UI", "AvansasProject.UI\AvansasProject.UI.csproj", "{10784E2A-22FC-40CF-8E8B-E3390D3BF886}"
EndProject
Project("{9A19103F-16F7-4668-BE54-9A1E7A4F7556}") = "AvansasProject.MODEL", "AvansasProject.MODEL\AvansasProject.MODEL.csproj", "{8BE83B40-8A74-43CB-9C4A-81EF39FEBCB9}"
EndProject
Project("{9A19103F-16F7-4668-BE54-9A1E7A4F7556}") = "AvansasProject.DAL", "AvansasProject.DAL\AvansasProject.DAL.csproj", "{02E7C8E4-DA78-42BB-AE36-AF9F8223861C}"
EndProject
Project("{FAE04EC0-301F-11D3-BF4B-00C04F79EFBC}") = "AvansasProject.MAP", "AvansasProject.MAP\AvansasProject.MAP.csproj", "{01ACA0A4-63B0-447D-A614-D37FFA4BA4FD}"
EndProject
Project("{FAE04EC0-301F-11D3-BF4B-00C04F79EFBC}") = "AvansasProject.BLL", "AvansasProject.BLL\AvansasProject.BLL.csproj", "{2FE9D366-CD0E-4BDB-A696-7957B6EE9D3A}"
EndProject
Global
	GlobalSection(SolutionConfigurationPlatforms) = preSolution
		Debug|Any CPU = Debug|Any CPU
		Release|Any CPU = Release|Any CPU
	EndGlobalSection
	GlobalSection(ProjectConfigurationPlatforms) = postSolution
		{10784E2A-22FC-40CF-8E8B-E3390D3BF886}.Debug|Any CPU.ActiveCfg = Debug|Any CPU
		{10784E2A-22FC-40CF-8E8B-E3390D3BF886}.Debug|Any CPU.Build.0 = Debug|Any CPU
		{10784E2A-22FC-40CF-8E8B-E3390D3BF886}.Release|Any CPU.ActiveCfg = Release|Any CPU
		{10784E2A-22FC-40CF-8E8B-E3390D3BF886}.Release|Any CPU.Build.0 = Release|Any CPU
		{8BE83B40-8A74-43CB-9C4A-81EF39FEBCB9}.Debug|Any CPU.ActiveCfg = Debug|Any CPU
		{8BE83B40-8A74-43CB-9C4A-81EF39FEBCB9}.Debug|Any CPU.Build.0 = Debug|Any CPU
		{8BE83B40-8A74-43CB-9C4A-81EF39FEBCB9}.Release|Any CPU.ActiveCfg = Release|Any CPU
		{8BE83B40-8A74-43CB-9C4A-81EF39FEBCB9}.Release|Any CPU.Build.0 = Release|Any CPU
		{02E7C8E4-DA78-42BB-AE36-AF9F8223861C}.Debug|Any CPU.ActiveCfg = Debug|Any CPU
		{02E7C8E4-DA78-42BB-AE36-AF9F8223861C}.Debug|Any CPU.Build.0 = Debug|Any CPU
		{02E7C8E4-DA78-42BB-AE36-AF9F8223861C}.Release|Any CPU.ActiveCfg = Release|Any CPU
		{02E7C8E4-DA78-42BB-AE36-AF9F8223861C}.Release|Any CPU.Build.0 = Release|Any CPU
		{01ACA0A4-63B0-447D-A614-D37FFA4BA4FD}.Debug|Any CPU.ActiveCfg = Debug|Any CPU
		{01ACA0A4-63B0-447D-A614-D37FFA4BA4FD}.Debug|Any CPU.Build.0 = Debug|Any CPU
		{01ACA0A4-63B0-447D-A614-D37FFA4BA4FD}.Release|Any CPU.ActiveCfg = Release|Any CPU
		{01ACA0A4-63B0-447D-A614-D37FFA4BA4FD}.Release|Any CPU.Build.0 = Release|Any CPU
		{2FE9D366-CD0E-4BDB-A696-7957B6EE9D3A}.Debug|Any CPU.ActiveCfg = Debug|Any CPU
		{2FE9D366-CD0E-4BDB-A696-7957B6EE9D3A}.Debug|Any CPU.Build.0 = Debug|Any CPU
		{2FE9D366-CD0E-4BDB-A696-7957B6EE9D3A}.Release|Any CPU.ActiveCfg = Release|Any CPU
		{2FE9D366-CD0E-4BDB-A696-7957B6EE9D3A}.Release|Any CPU.Build.0 = Release|Any CPU
	EndGlobalSection
	GlobalSection(SolutionProperties) = preSolution
		HideSolutionNode = FALSE
	EndGlobalSection
	GlobalSection(ExtensibilityGlobals) = postSolution
		SolutionGuid = {95A38382-A059-4FD0-91A5-F940FF95E1D8}
	EndGlobalSection
EndGlobal
